
Microsoft Visual Studio Solution File, Format Version 12.00
# Visual Studio Version 16
VisualStudioVersion = 16.0.30104.148
MinimumVisualStudioVersion = 10.0.40219.1
Project("{FAE04EC0-301F-11D3-BF4B-00C04F79EFBC}") = "HomeControlAPI", "HomeControlAPI\HomeControlAPI.csproj", "{D0911041-1FF3-4F6E-BC00-FC7144E656FD}"
EndProject
Global
	GlobalSection(SolutionConfigurationPlatforms) = preSolution
		Debug|Any CPU = Debug|Any CPU
		Release|Any CPU = Release|Any CPU
	EndGlobalSection
	GlobalSection(ProjectConfigurationPlatforms) = postSolution
		{D0911041-1FF3-4F6E-BC00-FC7144E656FD}.Debug|Any CPU.ActiveCfg = Debug|Any CPU
		{D0911041-1FF3-4F6E-BC00-FC7144E656FD}.Debug|Any CPU.Build.0 = Debug|Any CPU
		{D0911041-1FF3-4F6E-BC00-FC7144E656FD}.Release|Any CPU.ActiveCfg = Release|Any CPU
		{D0911041-1FF3-4F6E-BC00-FC7144E656FD}.Release|Any CPU.Build.0 = Release|Any CPU
	EndGlobalSection
	GlobalSection(SolutionProperties) = preSolution
		HideSolutionNode = FALSE
	EndGlobalSection
	GlobalSection(ExtensibilityGlobals) = postSolution
		SolutionGuid = {71785577-65F7-4333-B180-2013867F823D}
	EndGlobalSection
EndGlobal
